
Microsoft Visual Studio Solution File, Format Version 12.00
# Visual Studio Version 17
VisualStudioVersion = 17.10.35013.160
MinimumVisualStudioVersion = 10.0.40219.1
Project("{FAE04EC0-301F-11D3-BF4B-00C04F79EFBC}") = "3_CRUD(BSIT2-F2)", "3_CRUD(BSIT2-F2)\3_CRUD(BSIT2-F2).csproj", "{F29F8E27-1C0A-4A8C-9402-AA6BAE7AE6DF}"
EndProject
Global
	GlobalSection(SolutionConfigurationPlatforms) = preSolution
		Debug|Any CPU = Debug|Any CPU
		Release|Any CPU = Release|Any CPU
	EndGlobalSection
	GlobalSection(ProjectConfigurationPlatforms) = postSolution
		{F29F8E27-1C0A-4A8C-9402-AA6BAE7AE6DF}.Debug|Any CPU.ActiveCfg = Debug|Any CPU
		{F29F8E27-1C0A-4A8C-9402-AA6BAE7AE6DF}.Debug|Any CPU.Build.0 = Debug|Any CPU
		{F29F8E27-1C0A-4A8C-9402-AA6BAE7AE6DF}.Release|Any CPU.ActiveCfg = Release|Any CPU
		{F29F8E27-1C0A-4A8C-9402-AA6BAE7AE6DF}.Release|Any CPU.Build.0 = Release|Any CPU
	EndGlobalSection
	GlobalSection(SolutionProperties) = preSolution
		HideSolutionNode = FALSE
	EndGlobalSection
	GlobalSection(ExtensibilityGlobals) = postSolution
		SolutionGuid = {CC843601-B5B3-4BCC-B7C5-C09C3AD9308F}
	EndGlobalSection
EndGlobal
